
Microsoft Visual Studio Solution File, Format Version 12.00
# Visual Studio Version 17
VisualStudioVersion = 17.8.34322.80
MinimumVisualStudioVersion = 10.0.40219.1
Project("{8BC9CEB8-8B4A-11D0-8D11-00A0C91BC942}") = "GataServer", "GataServer.vcxproj", "{6D641AD0-FCB9-4F8C-9500-49E4AADA2B6D}"
EndProject
Global
	GlobalSection(SolutionConfigurationPlatforms) = preSolution
		Debug|x64 = Debug|x64
		Debug|x86 = Debug|x86
		Release|x64 = Release|x64
		Release|x86 = Release|x86
	EndGlobalSection
	GlobalSection(ProjectConfigurationPlatforms) = postSolution
		{6D641AD0-FCB9-4F8C-9500-49E4AADA2B6D}.Debug|x64.ActiveCfg = Debug|x64
		{6D641AD0-FCB9-4F8C-9500-49E4AADA2B6D}.Debug|x64.Build.0 = Debug|x64
		{6D641AD0-FCB9-4F8C-9500-49E4AADA2B6D}.Debug|x86.ActiveCfg = Debug|Win32
		{6D641AD0-FCB9-4F8C-9500-49E4AADA2B6D}.Debug|x86.Build.0 = Debug|Win32
		{6D641AD0-FCB9-4F8C-9500-49E4AADA2B6D}.Release|x64.ActiveCfg = Release|x64
		{6D641AD0-FCB9-4F8C-9500-49E4AADA2B6D}.Release|x64.Build.0 = Release|x64
		{6D641AD0-FCB9-4F8C-9500-49E4AADA2B6D}.Release|x86.ActiveCfg = Release|Win32
		{6D641AD0-FCB9-4F8C-9500-49E4AADA2B6D}.Release|x86.Build.0 = Release|Win32
	EndGlobalSection
	GlobalSection(SolutionProperties) = preSolution
		HideSolutionNode = FALSE
	EndGlobalSection
	GlobalSection(ExtensibilityGlobals) = postSolution
		SolutionGuid = {C51DF6C1-0359-475B-8DAC-9865A3FC67C7}
	EndGlobalSection
EndGlobal
